// !$*UTF8*$!
{
	archiveVersion = 1;
	classes = {
	};
	objectVersion = 55;
	objects = {

/* Begin PBXBuildFile section */
		9A64D9B927D4DDCB00C37DB1 /* AppDelegate.swift in Sources */ = {isa = PBXBuildFile; fileRef = 9A64D9B827D4DDCB00C37DB1 /* AppDelegate.swift */; };
		9A64D9BB27D4DDCB00C37DB1 /* SceneDelegate.swift in Sources */ = {isa = PBXBuildFile; fileRef = 9A64D9BA27D4DDCB00C37DB1 /* SceneDelegate.swift */; };
		9A64D9C027D4DDCB00C37DB1 /* Main.storyboard in Resources */ = {isa = PBXBuildFile; fileRef = 9A64D9BE27D4DDCB00C37DB1 /* Main.storyboard */; };
		9A64D9C227D4DDCE00C37DB1 /* Assets.xcassets in Resources */ = {isa = PBXBuildFile; fileRef = 9A64D9C127D4DDCE00C37DB1 /* Assets.xcassets */; };
		9A64D9C527D4DDCE00C37DB1 /* LaunchScreen.storyboard in Resources */ = {isa = PBXBuildFile; fileRef = 9A64D9C327D4DDCE00C37DB1 /* LaunchScreen.storyboard */; };
		9A64D9D027D4DDCE00C37DB1 /* ShapeTests.swift in Sources */ = {isa = PBXBuildFile; fileRef = 9A64D9CF27D4DDCE00C37DB1 /* ShapeTests.swift */; };
		9A64D9DA27D4DDCE00C37DB1 /* ShapeUITests.swift in Sources */ = {isa = PBXBuildFile; fileRef = 9A64D9D927D4DDCE00C37DB1 /* ShapeUITests.swift */; };
		9A64D9DC27D4DDCE00C37DB1 /* ShapeUITestsLaunchTests.swift in Sources */ = {isa = PBXBuildFile; fileRef = 9A64D9DB27D4DDCE00C37DB1 /* ShapeUITestsLaunchTests.swift */; };
		9A64D9EC27D4E3F800C37DB1 /* BreedsListViewController.swift in Sources */ = {isa = PBXBuildFile; fileRef = 9A64D9EB27D4E3F800C37DB1 /* BreedsListViewController.swift */; };
		9A64D9F127D4E4D400C37DB1 /* BreedPicturesViewController.swift in Sources */ = {isa = PBXBuildFile; fileRef = 9A64D9F027D4E4D400C37DB1 /* BreedPicturesViewController.swift */; };
		9A64D9F527D4E50E00C37DB1 /* BreedPictureCell.swift in Sources */ = {isa = PBXBuildFile; fileRef = 9A64D9F427D4E50E00C37DB1 /* BreedPictureCell.swift */; };
		9A64D9F927D4E54C00C37DB1 /* BreedFavoritesViewController.swift in Sources */ = {isa = PBXBuildFile; fileRef = 9A64D9F827D4E54C00C37DB1 /* BreedFavoritesViewController.swift */; };
		9A64D9FD27D5055900C37DB1 /* TabbarController.swift in Sources */ = {isa = PBXBuildFile; fileRef = 9A64D9FC27D5055900C37DB1 /* TabbarController.swift */; };
		9A64DA0027D509FB00C37DB1 /* BreedsListViewModel.swift in Sources */ = {isa = PBXBuildFile; fileRef = 9A64D9FF27D509FB00C37DB1 /* BreedsListViewModel.swift */; };
		9A64DA0327D50A6400C37DB1 /* Breed.swift in Sources */ = {isa = PBXBuildFile; fileRef = 9A64DA0227D50A6400C37DB1 /* Breed.swift */; };
		9A64DA0727D50B3E00C37DB1 /* ApiManager.swift in Sources */ = {isa = PBXBuildFile; fileRef = 9A64DA0627D50B3E00C37DB1 /* ApiManager.swift */; };
		9A64DA0927D50C9D00C37DB1 /* ApiManageImp.swift in Sources */ = {isa = PBXBuildFile; fileRef = 9A64DA0827D50C9D00C37DB1 /* ApiManageImp.swift */; };
		9A64DA0C27D51B8200C37DB1 /* BreedsListCell.swift in Sources */ = {isa = PBXBuildFile; fileRef = 9A64DA0B27D51B8200C37DB1 /* BreedsListCell.swift */; };
		9A64DA0F27D51C0E00C37DB1 /* Colors.xcassets in Resources */ = {isa = PBXBuildFile; fileRef = 9A64DA0E27D51C0E00C37DB1 /* Colors.xcassets */; };
		9A64DA1227D51CFE00C37DB1 /* Strings.strings in Resources */ = {isa = PBXBuildFile; fileRef = 9A64DA1427D51CFE00C37DB1 /* Strings.strings */; };
		9A64DA1727D51DEC00C37DB1 /* Strings+Generated.swift in Sources */ = {isa = PBXBuildFile; fileRef = 9A64DA1527D51DEC00C37DB1 /* Strings+Generated.swift */; };
		9A64DA1827D51DEC00C37DB1 /* Assets.swift in Sources */ = {isa = PBXBuildFile; fileRef = 9A64DA1627D51DEC00C37DB1 /* Assets.swift */; };
		9A64DA1B27D51E6500C37DB1 /* Collection+Extension.swift in Sources */ = {isa = PBXBuildFile; fileRef = 9A64DA1A27D51E6500C37DB1 /* Collection+Extension.swift */; };
		9A64DA1D27D6F90A00C37DB1 /* BreedPicturesViewModel.swift in Sources */ = {isa = PBXBuildFile; fileRef = 9A64DA1C27D6F90A00C37DB1 /* BreedPicturesViewModel.swift */; };
		9A64DA2027D7010C00C37DB1 /* PictureResponse.swift in Sources */ = {isa = PBXBuildFile; fileRef = 9A64DA1F27D7010C00C37DB1 /* PictureResponse.swift */; };
		9A64DA2227D7095E00C37DB1 /* Favorites.swift in Sources */ = {isa = PBXBuildFile; fileRef = 9A64DA2127D7095E00C37DB1 /* Favorites.swift */; };
		9A64DA2427D711B800C37DB1 /* FavoritesViewModel.swift in Sources */ = {isa = PBXBuildFile; fileRef = 9A64DA2327D711B800C37DB1 /* FavoritesViewModel.swift */; };
/* End PBXBuildFile section */

/* Begin PBXContainerItemProxy section */
		9A64D9CC27D4DDCE00C37DB1 /* PBXContainerItemProxy */ = {
			isa = PBXContainerItemProxy;
			containerPortal = 9A64D9AD27D4DDCB00C37DB1 /* Project object */;
			proxyType = 1;
			remoteGlobalIDString = 9A64D9B427D4DDCB00C37DB1;
			remoteInfo = Shape;
		};
		9A64D9D627D4DDCE00C37DB1 /* PBXContainerItemProxy */ = {
			isa = PBXContainerItemProxy;
			containerPortal = 9A64D9AD27D4DDCB00C37DB1 /* Project object */;
			proxyType = 1;
			remoteGlobalIDString = 9A64D9B427D4DDCB00C37DB1;
			remoteInfo = Shape;
		};
/* End PBXContainerItemProxy section */

/* Begin PBXFileReference section */
		9A64D9B527D4DDCB00C37DB1 /* Shape.app */ = {isa = PBXFileReference; explicitFileType = wrapper.application; includeInIndex = 0; path = Shape.app; sourceTree = BUILT_PRODUCTS_DIR; };
		9A64D9B827D4DDCB00C37DB1 /* AppDelegate.swift */ = {isa = PBXFileReference; lastKnownFileType = sourcecode.swift; path = AppDelegate.swift; sourceTree = "<group>"; };
		9A64D9BA27D4DDCB00C37DB1 /* SceneDelegate.swift */ = {isa = PBXFileReference; lastKnownFileType = sourcecode.swift; path = SceneDelegate.swift; sourceTree = "<group>"; };
		9A64D9BF27D4DDCB00C37DB1 /* Base */ = {isa = PBXFileReference; lastKnownFileType = file.storyboard; name = Base; path = Base.lproj/Main.storyboard; sourceTree = "<group>"; };
		9A64D9C127D4DDCE00C37DB1 /* Assets.xcassets */ = {isa = PBXFileReference; lastKnownFileType = folder.assetcatalog; path = Assets.xcassets; sourceTree = "<group>"; };
		9A64D9C427D4DDCE00C37DB1 /* Base */ = {isa = PBXFileReference; lastKnownFileType = file.storyboard; name = Base; path = Base.lproj/LaunchScreen.storyboard; sourceTree = "<group>"; };
		9A64D9C627D4DDCE00C37DB1 /* Info.plist */ = {isa = PBXFileReference; lastKnownFileType = text.plist.xml; path = Info.plist; sourceTree = "<group>"; };
		9A64D9CB27D4DDCE00C37DB1 /* ShapeTests.xctest */ = {isa = PBXFileReference; explicitFileType = wrapper.cfbundle; includeInIndex = 0; path = ShapeTests.xctest; sourceTree = BUILT_PRODUCTS_DIR; };
		9A64D9CF27D4DDCE00C37DB1 /* ShapeTests.swift */ = {isa = PBXFileReference; lastKnownFileType = sourcecode.swift; path = ShapeTests.swift; sourceTree = "<group>"; };
		9A64D9D527D4DDCE00C37DB1 /* ShapeUITests.xctest */ = {isa = PBXFileReference; explicitFileType = wrapper.cfbundle; includeInIndex = 0; path = ShapeUITests.xctest; sourceTree = BUILT_PRODUCTS_DIR; };
		9A64D9D927D4DDCE00C37DB1 /* ShapeUITests.swift */ = {isa = PBXFileReference; lastKnownFileType = sourcecode.swift; path = ShapeUITests.swift; sourceTree = "<group>"; };
		9A64D9DB27D4DDCE00C37DB1 /* ShapeUITestsLaunchTests.swift */ = {isa = PBXFileReference; lastKnownFileType = sourcecode.swift; path = ShapeUITestsLaunchTests.swift; sourceTree = "<group>"; };
		9A64D9EB27D4E3F800C37DB1 /* BreedsListViewController.swift */ = {isa = PBXFileReference; lastKnownFileType = sourcecode.swift; path = BreedsListViewController.swift; sourceTree = "<group>"; };
		9A64D9F027D4E4D400C37DB1 /* BreedPicturesViewController.swift */ = {isa = PBXFileReference; lastKnownFileType = sourcecode.swift; path = BreedPicturesViewController.swift; sourceTree = "<group>"; };
		9A64D9F427D4E50E00C37DB1 /* BreedPictureCell.swift */ = {isa = PBXFileReference; lastKnownFileType = sourcecode.swift; path = BreedPictureCell.swift; sourceTree = "<group>"; };
		9A64D9F827D4E54C00C37DB1 /* BreedFavoritesViewController.swift */ = {isa = PBXFileReference; lastKnownFileType = sourcecode.swift; path = BreedFavoritesViewController.swift; sourceTree = "<group>"; };
		9A64D9FC27D5055900C37DB1 /* TabbarController.swift */ = {isa = PBXFileReference; lastKnownFileType = sourcecode.swift; path = TabbarController.swift; sourceTree = "<group>"; };
		9A64D9FF27D509FB00C37DB1 /* BreedsListViewModel.swift */ = {isa = PBXFileReference; lastKnownFileType = sourcecode.swift; path = BreedsListViewModel.swift; sourceTree = "<group>"; };
		9A64DA0227D50A6400C37DB1 /* Breed.swift */ = {isa = PBXFileReference; lastKnownFileType = sourcecode.swift; path = Breed.swift; sourceTree = "<group>"; };
		9A64DA0627D50B3E00C37DB1 /* ApiManager.swift */ = {isa = PBXFileReference; lastKnownFileType = sourcecode.swift; path = ApiManager.swift; sourceTree = "<group>"; };
		9A64DA0827D50C9D00C37DB1 /* ApiManageImp.swift */ = {isa = PBXFileReference; lastKnownFileType = sourcecode.swift; path = ApiManageImp.swift; sourceTree = "<group>"; };
		9A64DA0B27D51B8200C37DB1 /* BreedsListCell.swift */ = {isa = PBXFileReference; lastKnownFileType = sourcecode.swift; path = BreedsListCell.swift; sourceTree = "<group>"; };
		9A64DA0E27D51C0E00C37DB1 /* Colors.xcassets */ = {isa = PBXFileReference; lastKnownFileType = folder.assetcatalog; path = Colors.xcassets; sourceTree = "<group>"; };
		9A64DA1327D51CFE00C37DB1 /* en */ = {isa = PBXFileReference; lastKnownFileType = text.plist.strings; name = en; path = en.lproj/Strings.strings; sourceTree = "<group>"; };
		9A64DA1527D51DEC00C37DB1 /* Strings+Generated.swift */ = {isa = PBXFileReference; fileEncoding = 4; lastKnownFileType = sourcecode.swift; path = "Strings+Generated.swift"; sourceTree = "<group>"; };
		9A64DA1627D51DEC00C37DB1 /* Assets.swift */ = {isa = PBXFileReference; fileEncoding = 4; lastKnownFileType = sourcecode.swift; path = Assets.swift; sourceTree = "<group>"; };
		9A64DA1A27D51E6500C37DB1 /* Collection+Extension.swift */ = {isa = PBXFileReference; lastKnownFileType = sourcecode.swift; path = "Collection+Extension.swift"; sourceTree = "<group>"; };
		9A64DA1C27D6F90A00C37DB1 /* BreedPicturesViewModel.swift */ = {isa = PBXFileReference; lastKnownFileType = sourcecode.swift; path = BreedPicturesViewModel.swift; sourceTree = "<group>"; };
		9A64DA1F27D7010C00C37DB1 /* PictureResponse.swift */ = {isa = PBXFileReference; lastKnownFileType = sourcecode.swift; path = PictureResponse.swift; sourceTree = "<group>"; };
		9A64DA2127D7095E00C37DB1 /* Favorites.swift */ = {isa = PBXFileReference; lastKnownFileType = sourcecode.swift; path = Favorites.swift; sourceTree = "<group>"; };
		9A64DA2327D711B800C37DB1 /* FavoritesViewModel.swift */ = {isa = PBXFileReference; lastKnownFileType = sourcecode.swift; path = FavoritesViewModel.swift; sourceTree = "<group>"; };
/* End PBXFileReference section */

/* Begin PBXFrameworksBuildPhase section */
		9A64D9B227D4DDCB00C37DB1 /* Frameworks */ = {
			isa = PBXFrameworksBuildPhase;
			buildActionMask = 2147483647;
			files = (
			);
			runOnlyForDeploymentPostprocessing = 0;
		};
		9A64D9C827D4DDCE00C37DB1 /* Frameworks */ = {
			isa = PBXFrameworksBuildPhase;
			buildActionMask = 2147483647;
			files = (
			);
			runOnlyForDeploymentPostprocessing = 0;
		};
		9A64D9D227D4DDCE00C37DB1 /* Frameworks */ = {
			isa = PBXFrameworksBuildPhase;
			buildActionMask = 2147483647;
			files = (
			);
			runOnlyForDeploymentPostprocessing = 0;
		};
/* End PBXFrameworksBuildPhase section */

/* Begin PBXGroup section */
		9A64D9AC27D4DDCB00C37DB1 = {
			isa = PBXGroup;
			children = (
				9A64D9B727D4DDCB00C37DB1 /* Shape */,
				9A64D9CE27D4DDCE00C37DB1 /* ShapeTests */,
				9A64D9D827D4DDCE00C37DB1 /* ShapeUITests */,
				9A64D9B627D4DDCB00C37DB1 /* Products */,
				B07EF704B6B669603AA35025 /* Pods */,
			);
			sourceTree = "<group>";
		};
		9A64D9B627D4DDCB00C37DB1 /* Products */ = {
			isa = PBXGroup;
			children = (
				9A64D9B527D4DDCB00C37DB1 /* Shape.app */,
				9A64D9CB27D4DDCE00C37DB1 /* ShapeTests.xctest */,
				9A64D9D527D4DDCE00C37DB1 /* ShapeUITests.xctest */,
			);
			name = Products;
			sourceTree = "<group>";
		};
		9A64D9B727D4DDCB00C37DB1 /* Shape */ = {
			isa = PBXGroup;
			children = (
				9A64DA1927D51E5500C37DB1 /* Extensions */,
				9A64DA0D27D51BF100C37DB1 /* Resources */,
				9A64DA0527D50B2300C37DB1 /* Data */,
				9A64DA0127D50A5700C37DB1 /* Models */,
				9A64D9FE27D509A500C37DB1 /* ViewModels */,
				9A64D9E827D4E39500C37DB1 /* Views */,
				9A64D9B827D4DDCB00C37DB1 /* AppDelegate.swift */,
				9A64D9BA27D4DDCB00C37DB1 /* SceneDelegate.swift */,
				9A64D9BE27D4DDCB00C37DB1 /* Main.storyboard */,
				9A64D9C327D4DDCE00C37DB1 /* LaunchScreen.storyboard */,
				9A64D9C627D4DDCE00C37DB1 /* Info.plist */,
			);
			path = Shape;
			sourceTree = "<group>";
		};
		9A64D9CE27D4DDCE00C37DB1 /* ShapeTests */ = {
			isa = PBXGroup;
			children = (
				9A64D9CF27D4DDCE00C37DB1 /* ShapeTests.swift */,
			);
			path = ShapeTests;
			sourceTree = "<group>";
		};
		9A64D9D827D4DDCE00C37DB1 /* ShapeUITests */ = {
			isa = PBXGroup;
			children = (
				9A64D9D927D4DDCE00C37DB1 /* ShapeUITests.swift */,
				9A64D9DB27D4DDCE00C37DB1 /* ShapeUITestsLaunchTests.swift */,
			);
			path = ShapeUITests;
			sourceTree = "<group>";
		};
		9A64D9E827D4E39500C37DB1 /* Views */ = {
			isa = PBXGroup;
			children = (
				9A64D9FB27D5054000C37DB1 /* Tabbar */,
				9A64D9FA27D4E55500C37DB1 /* Breed */,
			);
			path = Views;
			sourceTree = "<group>";
		};
		9A64D9EE27D4E41A00C37DB1 /* BreedListViewController */ = {
			isa = PBXGroup;
			children = (
				9A64DA0A27D51B7000C37DB1 /* Cell */,
				9A64D9EB27D4E3F800C37DB1 /* BreedsListViewController.swift */,
			);
			path = BreedListViewController;
			sourceTree = "<group>";
		};
		9A64D9EF27D4E47D00C37DB1 /* BreedPicturesViewController */ = {
			isa = PBXGroup;
			children = (
				9A64D9F327D4E4F300C37DB1 /* BreedPictureCell */,
				9A64D9F027D4E4D400C37DB1 /* BreedPicturesViewController.swift */,
			);
			path = BreedPicturesViewController;
			sourceTree = "<group>";
		};
		9A64D9F327D4E4F300C37DB1 /* BreedPictureCell */ = {
			isa = PBXGroup;
			children = (
				9A64D9F427D4E50E00C37DB1 /* BreedPictureCell.swift */,
			);
			path = BreedPictureCell;
			sourceTree = "<group>";
		};
		9A64D9F627D4E52A00C37DB1 /* BreedFavoritesViewController */ = {
			isa = PBXGroup;
			children = (
				9A64D9F827D4E54C00C37DB1 /* BreedFavoritesViewController.swift */,
			);
			path = BreedFavoritesViewController;
			sourceTree = "<group>";
		};
		9A64D9FA27D4E55500C37DB1 /* Breed */ = {
			isa = PBXGroup;
			children = (
				9A64D9F627D4E52A00C37DB1 /* BreedFavoritesViewController */,
				9A64D9EF27D4E47D00C37DB1 /* BreedPicturesViewController */,
				9A64D9EE27D4E41A00C37DB1 /* BreedListViewController */,
			);
			path = Breed;
			sourceTree = "<group>";
		};
		9A64D9FB27D5054000C37DB1 /* Tabbar */ = {
			isa = PBXGroup;
			children = (
				9A64D9FC27D5055900C37DB1 /* TabbarController.swift */,
			);
			path = Tabbar;
			sourceTree = "<group>";
		};
		9A64D9FE27D509A500C37DB1 /* ViewModels */ = {
			isa = PBXGroup;
			children = (
				9A64D9FF27D509FB00C37DB1 /* BreedsListViewModel.swift */,
				9A64DA1C27D6F90A00C37DB1 /* BreedPicturesViewModel.swift */,
				9A64DA2327D711B800C37DB1 /* FavoritesViewModel.swift */,
			);
			path = ViewModels;
			sourceTree = "<group>";
		};
		9A64DA0127D50A5700C37DB1 /* Models */ = {
			isa = PBXGroup;
			children = (
				9A64DA0227D50A6400C37DB1 /* Breed.swift */,
				9A64DA2127D7095E00C37DB1 /* Favorites.swift */,
			);
			path = Models;
			sourceTree = "<group>";
		};
		9A64DA0527D50B2300C37DB1 /* Data */ = {
			isa = PBXGroup;
			children = (
				9A64DA1E27D700FA00C37DB1 /* Response */,
				9A64DA0627D50B3E00C37DB1 /* ApiManager.swift */,
				9A64DA0827D50C9D00C37DB1 /* ApiManageImp.swift */,
			);
			path = Data;
			sourceTree = "<group>";
		};
		9A64DA0A27D51B7000C37DB1 /* Cell */ = {
			isa = PBXGroup;
			children = (
				9A64DA0B27D51B8200C37DB1 /* BreedsListCell.swift */,
			);
			path = Cell;
			sourceTree = "<group>";
		};
		9A64DA0D27D51BF100C37DB1 /* Resources */ = {
			isa = PBXGroup;
			children = (
				9A64DA1627D51DEC00C37DB1 /* Assets.swift */,
				9A64DA1527D51DEC00C37DB1 /* Strings+Generated.swift */,
				9A64DA0E27D51C0E00C37DB1 /* Colors.xcassets */,
				9A64D9C127D4DDCE00C37DB1 /* Assets.xcassets */,
				9A64DA1427D51CFE00C37DB1 /* Strings.strings */,
			);
			path = Resources;
			sourceTree = "<group>";
		};
		9A64DA1927D51E5500C37DB1 /* Extensions */ = {
			isa = PBXGroup;
			children = (
				9A64DA1A27D51E6500C37DB1 /* Collection+Extension.swift */,
			);
			path = Extensions;
			sourceTree = "<group>";
		};
		9A64DA1E27D700FA00C37DB1 /* Response */ = {
			isa = PBXGroup;
			children = (
				9A64DA1F27D7010C00C37DB1 /* PictureResponse.swift */,
			);
			path = Response;
			sourceTree = "<group>";
		};
		B07EF704B6B669603AA35025 /* Pods */ = {
			isa = PBXGroup;
			children = (
			);
			path = Pods;
			sourceTree = "<group>";
		};
/* End PBXGroup section */

/* Begin PBXNativeTarget section */
		9A64D9B427D4DDCB00C37DB1 /* Shape */ = {
			isa = PBXNativeTarget;
			buildConfigurationList = 9A64D9DF27D4DDCE00C37DB1 /* Build configuration list for PBXNativeTarget "Shape" */;
			buildPhases = (
				9A64D9B127D4DDCB00C37DB1 /* Sources */,
				9A64D9B227D4DDCB00C37DB1 /* Frameworks */,
				9A64D9B327D4DDCB00C37DB1 /* Resources */,
			);
			buildRules = (
			);
			dependencies = (
			);
			name = Shape;
			productName = Shape;
			productReference = 9A64D9B527D4DDCB00C37DB1 /* Shape.app */;
			productType = "com.apple.product-type.application";
		};
		9A64D9CA27D4DDCE00C37DB1 /* ShapeTests */ = {
			isa = PBXNativeTarget;
			buildConfigurationList = 9A64D9E227D4DDCE00C37DB1 /* Build configuration list for PBXNativeTarget "ShapeTests" */;
			buildPhases = (
				9A64D9C727D4DDCE00C37DB1 /* Sources */,
				9A64D9C827D4DDCE00C37DB1 /* Frameworks */,
				9A64D9C927D4DDCE00C37DB1 /* Resources */,
			);
			buildRules = (
			);
			dependencies = (
				9A64D9CD27D4DDCE00C37DB1 /* PBXTargetDependency */,
			);
			name = ShapeTests;
			productName = ShapeTests;
			productReference = 9A64D9CB27D4DDCE00C37DB1 /* ShapeTests.xctest */;
			productType = "com.apple.product-type.bundle.unit-test";
		};
		9A64D9D427D4DDCE00C37DB1 /* ShapeUITests */ = {
			isa = PBXNativeTarget;
			buildConfigurationList = 9A64D9E527D4DDCE00C37DB1 /* Build configuration list for PBXNativeTarget "ShapeUITests" */;
			buildPhases = (
				9A64D9D127D4DDCE00C37DB1 /* Sources */,
				9A64D9D227D4DDCE00C37DB1 /* Frameworks */,
				9A64D9D327D4DDCE00C37DB1 /* Resources */,
			);
			buildRules = (
			);
			dependencies = (
				9A64D9D727D4DDCE00C37DB1 /* PBXTargetDependency */,
			);
			name = ShapeUITests;
			productName = ShapeUITests;
			productReference = 9A64D9D527D4DDCE00C37DB1 /* ShapeUITests.xctest */;
			productType = "com.apple.product-type.bundle.ui-testing";
		};
/* End PBXNativeTarget section */

/* Begin PBXProject section */
		9A64D9AD27D4DDCB00C37DB1 /* Project object */ = {
			isa = PBXProject;
			attributes = {
				BuildIndependentTargetsInParallel = 1;
				LastSwiftUpdateCheck = 1320;
				LastUpgradeCheck = 1320;
				TargetAttributes = {
					9A64D9B427D4DDCB00C37DB1 = {
						CreatedOnToolsVersion = 13.2.1;
					};
					9A64D9CA27D4DDCE00C37DB1 = {
						CreatedOnToolsVersion = 13.2.1;
						TestTargetID = 9A64D9B427D4DDCB00C37DB1;
					};
					9A64D9D427D4DDCE00C37DB1 = {
						CreatedOnToolsVersion = 13.2.1;
						TestTargetID = 9A64D9B427D4DDCB00C37DB1;
					};
				};
			};
			buildConfigurationList = 9A64D9B027D4DDCB00C37DB1 /* Build configuration list for PBXProject "Shape" */;
			compatibilityVersion = "Xcode 13.0";
			developmentRegion = en;
			hasScannedForEncodings = 0;
			knownRegions = (
				en,
				Base,
			);
			mainGroup = 9A64D9AC27D4DDCB00C37DB1;
			productRefGroup = 9A64D9B627D4DDCB00C37DB1 /* Products */;
			projectDirPath = "";
			projectRoot = "";
			targets = (
				9A64D9B427D4DDCB00C37DB1 /* Shape */,
				9A64D9CA27D4DDCE00C37DB1 /* ShapeTests */,
				9A64D9D427D4DDCE00C37DB1 /* ShapeUITests */,
			);
		};
/* End PBXProject section */

/* Begin PBXResourcesBuildPhase section */
		9A64D9B327D4DDCB00C37DB1 /* Resources */ = {
			isa = PBXResourcesBuildPhase;
			buildActionMask = 2147483647;
			files = (
				9A64D9C527D4DDCE00C37DB1 /* LaunchScreen.storyboard in Resources */,
				9A64DA0F27D51C0E00C37DB1 /* Colors.xcassets in Resources */,
				9A64D9C227D4DDCE00C37DB1 /* Assets.xcassets in Resources */,
				9A64DA1227D51CFE00C37DB1 /* Strings.strings in Resources */,
				9A64D9C027D4DDCB00C37DB1 /* Main.storyboard in Resources */,
			);
			runOnlyForDeploymentPostprocessing = 0;
		};
		9A64D9C927D4DDCE00C37DB1 /* Resources */ = {
			isa = PBXResourcesBuildPhase;
			buildActionMask = 2147483647;
			files = (
			);
			runOnlyForDeploymentPostprocessing = 0;
		};
		9A64D9D327D4DDCE00C37DB1 /* Resources */ = {
			isa = PBXResourcesBuildPhase;
			buildActionMask = 2147483647;
			files = (
			);
			runOnlyForDeploymentPostprocessing = 0;
		};
/* End PBXResourcesBuildPhase section */

/* Begin PBXSourcesBuildPhase section */
		9A64D9B127D4DDCB00C37DB1 /* Sources */ = {
			isa = PBXSourcesBuildPhase;
			buildActionMask = 2147483647;
			files = (
				9A64D9FD27D5055900C37DB1 /* TabbarController.swift in Sources */,
				9A64D9F527D4E50E00C37DB1 /* BreedPictureCell.swift in Sources */,
				9A64D9F127D4E4D400C37DB1 /* BreedPicturesViewController.swift in Sources */,
				9A64D9EC27D4E3F800C37DB1 /* BreedsListViewController.swift in Sources */,
				9A64DA1D27D6F90A00C37DB1 /* BreedPicturesViewModel.swift in Sources */,
				9A64DA1B27D51E6500C37DB1 /* Collection+Extension.swift in Sources */,
				9A64D9B927D4DDCB00C37DB1 /* AppDelegate.swift in Sources */,
				9A64DA0927D50C9D00C37DB1 /* ApiManageImp.swift in Sources */,
				9A64DA0727D50B3E00C37DB1 /* ApiManager.swift in Sources */,
				9A64DA2227D7095E00C37DB1 /* Favorites.swift in Sources */,
				9A64DA0027D509FB00C37DB1 /* BreedsListViewModel.swift in Sources */,
				9A64DA1827D51DEC00C37DB1 /* Assets.swift in Sources */,
				9A64D9BB27D4DDCB00C37DB1 /* SceneDelegate.swift in Sources */,
				9A64DA0327D50A6400C37DB1 /* Breed.swift in Sources */,
				9A64DA1727D51DEC00C37DB1 /* Strings+Generated.swift in Sources */,
				9A64D9F927D4E54C00C37DB1 /* BreedFavoritesViewController.swift in Sources */,
				9A64DA2027D7010C00C37DB1 /* PictureResponse.swift in Sources */,
				9A64DA0C27D51B8200C37DB1 /* BreedsListCell.swift in Sources */,
				9A64DA2427D711B800C37DB1 /* FavoritesViewModel.swift in Sources */,
			);
			runOnlyForDeploymentPostprocessing = 0;
		};
		9A64D9C727D4DDCE00C37DB1 /* Sources */ = {
			isa = PBXSourcesBuildPhase;
			buildActionMask = 2147483647;
			files = (
				9A64D9D027D4DDCE00C37DB1 /* ShapeTests.swift in Sources */,
			);
			runOnlyForDeploymentPostprocessing = 0;
		};
		9A64D9D127D4DDCE00C37DB1 /* Sources */ = {
			isa = PBXSourcesBuildPhase;
			buildActionMask = 2147483647;
			files = (
				9A64D9DC27D4DDCE00C37DB1 /* ShapeUITestsLaunchTests.swift in Sources */,
				9A64D9DA27D4DDCE00C37DB1 /* ShapeUITests.swift in Sources */,
			);
			runOnlyForDeploymentPostprocessing = 0;
		};
/* End PBXSourcesBuildPhase section */

/* Begin PBXTargetDependency section */
		9A64D9CD27D4DDCE00C37DB1 /* PBXTargetDependency */ = {
			isa = PBXTargetDependency;
			target = 9A64D9B427D4DDCB00C37DB1 /* Shape */;
			targetProxy = 9A64D9CC27D4DDCE00C37DB1 /* PBXContainerItemProxy */;
		};
		9A64D9D727D4DDCE00C37DB1 /* PBXTargetDependency */ = {
			isa = PBXTargetDependency;
			target = 9A64D9B427D4DDCB00C37DB1 /* Shape */;
			targetProxy = 9A64D9D627D4DDCE00C37DB1 /* PBXContainerItemProxy */;
		};
/* End PBXTargetDependency section */

/* Begin PBXVariantGroup section */
		9A64D9BE27D4DDCB00C37DB1 /* Main.storyboard */ = {
			isa = PBXVariantGroup;
			children = (
				9A64D9BF27D4DDCB00C37DB1 /* Base */,
			);
			name = Main.storyboard;
			sourceTree = "<group>";
		};
		9A64D9C327D4DDCE00C37DB1 /* LaunchScreen.storyboard */ = {
			isa = PBXVariantGroup;
			children = (
				9A64D9C427D4DDCE00C37DB1 /* Base */,
			);
			name = LaunchScreen.storyboard;
			sourceTree = "<group>";
		};
		9A64DA1427D51CFE00C37DB1 /* Strings.strings */ = {
			isa = PBXVariantGroup;
			children = (
				9A64DA1327D51CFE00C37DB1 /* en */,
			);
			name = Strings.strings;
			sourceTree = "<group>";
		};
/* End PBXVariantGroup section */

/* Begin XCBuildConfiguration section */
		9A64D9DD27D4DDCE00C37DB1 /* Debug */ = {
			isa = XCBuildConfiguration;
			buildSettings = {
				ALWAYS_SEARCH_USER_PATHS = NO;
				CLANG_ANALYZER_NONNULL = YES;
				CLANG_ANALYZER_NUMBER_OBJECT_CONVERSION = YES_AGGRESSIVE;
				CLANG_CXX_LANGUAGE_STANDARD = "gnu++17";
				CLANG_CXX_LIBRARY = "libc++";
				CLANG_ENABLE_MODULES = YES;
				CLANG_ENABLE_OBJC_ARC = YES;
				CLANG_ENABLE_OBJC_WEAK = YES;
				CLANG_WARN_BLOCK_CAPTURE_AUTORELEASING = YES;
				CLANG_WARN_BOOL_CONVERSION = YES;
				CLANG_WARN_COMMA = YES;
				CLANG_WARN_CONSTANT_CONVERSION = YES;
				CLANG_WARN_DEPRECATED_OBJC_IMPLEMENTATIONS = YES;
				CLANG_WARN_DIRECT_OBJC_ISA_USAGE = YES_ERROR;
				CLANG_WARN_DOCUMENTATION_COMMENTS = YES;
				CLANG_WARN_EMPTY_BODY = YES;
				CLANG_WARN_ENUM_CONVERSION = YES;
				CLANG_WARN_INFINITE_RECURSION = YES;
				CLANG_WARN_INT_CONVERSION = YES;
				CLANG_WARN_NON_LITERAL_NULL_CONVERSION = YES;
				CLANG_WARN_OBJC_IMPLICIT_RETAIN_SELF = YES;
				CLANG_WARN_OBJC_LITERAL_CONVERSION = YES;
				CLANG_WARN_OBJC_ROOT_CLASS = YES_ERROR;
				CLANG_WARN_QUOTED_INCLUDE_IN_FRAMEWORK_HEADER = YES;
				CLANG_WARN_RANGE_LOOP_ANALYSIS = YES;
				CLANG_WARN_STRICT_PROTOTYPES = YES;
				CLANG_WARN_SUSPICIOUS_MOVE = YES;
				CLANG_WARN_UNGUARDED_AVAILABILITY = YES_AGGRESSIVE;
				CLANG_WARN_UNREACHABLE_CODE = YES;
				CLANG_WARN__DUPLICATE_METHOD_MATCH = YES;
				COPY_PHASE_STRIP = NO;
				DEBUG_INFORMATION_FORMAT = dwarf;
				ENABLE_STRICT_OBJC_MSGSEND = YES;
				ENABLE_TESTABILITY = YES;
				GCC_C_LANGUAGE_STANDARD = gnu11;
				GCC_DYNAMIC_NO_PIC = NO;
				GCC_NO_COMMON_BLOCKS = YES;
				GCC_OPTIMIZATION_LEVEL = 0;
				GCC_PREPROCESSOR_DEFINITIONS = (
					"DEBUG=1",
					"$(inherited)",
				);
				GCC_WARN_64_TO_32_BIT_CONVERSION = YES;
				GCC_WARN_ABOUT_RETURN_TYPE = YES_ERROR;
				GCC_WARN_UNDECLARED_SELECTOR = YES;
				GCC_WARN_UNINITIALIZED_AUTOS = YES_AGGRESSIVE;
				GCC_WARN_UNUSED_FUNCTION = YES;
				GCC_WARN_UNUSED_VARIABLE = YES;
				IPHONEOS_DEPLOYMENT_TARGET = 15.2;
				MTL_ENABLE_DEBUG_INFO = INCLUDE_SOURCE;
				MTL_FAST_MATH = YES;
				ONLY_ACTIVE_ARCH = YES;
				SDKROOT = iphoneos;
				SWIFT_ACTIVE_COMPILATION_CONDITIONS = DEBUG;
				SWIFT_OPTIMIZATION_LEVEL = "-Onone";
			};
			name = Debug;
		};
		9A64D9DE27D4DDCE00C37DB1 /* Release */ = {
			isa = XCBuildConfiguration;
			buildSettings = {
				ALWAYS_SEARCH_USER_PATHS = NO;
				CLANG_ANALYZER_NONNULL = YES;
				CLANG_ANALYZER_NUMBER_OBJECT_CONVERSION = YES_AGGRESSIVE;
				CLANG_CXX_LANGUAGE_STANDARD = "gnu++17";
				CLANG_CXX_LIBRARY = "libc++";
				CLANG_ENABLE_MODULES = YES;
				CLANG_ENABLE_OBJC_ARC = YES;
				CLANG_ENABLE_OBJC_WEAK = YES;
				CLANG_WARN_BLOCK_CAPTURE_AUTORELEASING = YES;
				CLANG_WARN_BOOL_CONVERSION = YES;
				CLANG_WARN_COMMA = YES;
				CLANG_WARN_CONSTANT_CONVERSION = YES;
				CLANG_WARN_DEPRECATED_OBJC_IMPLEMENTATIONS = YES;
				CLANG_WARN_DIRECT_OBJC_ISA_USAGE = YES_ERROR;
				CLANG_WARN_DOCUMENTATION_COMMENTS = YES;
				CLANG_WARN_EMPTY_BODY = YES;
				CLANG_WARN_ENUM_CONVERSION = YES;
				CLANG_WARN_INFINITE_RECURSION = YES;
				CLANG_WARN_INT_CONVERSION = YES;
				CLANG_WARN_NON_LITERAL_NULL_CONVERSION = YES;
				CLANG_WARN_OBJC_IMPLICIT_RETAIN_SELF = YES;
				CLANG_WARN_OBJC_LITERAL_CONVERSION = YES;
				CLANG_WARN_OBJC_ROOT_CLASS = YES_ERROR;
				CLANG_WARN_QUOTED_INCLUDE_IN_FRAMEWORK_HEADER = YES;
				CLANG_WARN_RANGE_LOOP_ANALYSIS = YES;
				CLANG_WARN_STRICT_PROTOTYPES = YES;
				CLANG_WARN_SUSPICIOUS_MOVE = YES;
				CLANG_WARN_UNGUARDED_AVAILABILITY = YES_AGGRESSIVE;
				CLANG_WARN_UNREACHABLE_CODE = YES;
				CLANG_WARN__DUPLICATE_METHOD_MATCH = YES;
				COPY_PHASE_STRIP = NO;
				DEBUG_INFORMATION_FORMAT = "dwarf-with-dsym";
				ENABLE_NS_ASSERTIONS = NO;
				ENABLE_STRICT_OBJC_MSGSEND = YES;
				GCC_C_LANGUAGE_STANDARD = gnu11;
				GCC_NO_COMMON_BLOCKS = YES;
				GCC_WARN_64_TO_32_BIT_CONVERSION = YES;
				GCC_WARN_ABOUT_RETURN_TYPE = YES_ERROR;
				GCC_WARN_UNDECLARED_SELECTOR = YES;
				GCC_WARN_UNINITIALIZED_AUTOS = YES_AGGRESSIVE;
				GCC_WARN_UNUSED_FUNCTION = YES;
				GCC_WARN_UNUSED_VARIABLE = YES;
				IPHONEOS_DEPLOYMENT_TARGET = 15.2;
				MTL_ENABLE_DEBUG_INFO = NO;
				MTL_FAST_MATH = YES;
				SDKROOT = iphoneos;
				SWIFT_COMPILATION_MODE = wholemodule;
				SWIFT_OPTIMIZATION_LEVEL = "-O";
				VALIDATE_PRODUCT = YES;
			};
			name = Release;
		};
		9A64D9E027D4DDCE00C37DB1 /* Debug */ = {
			isa = XCBuildConfiguration;
			buildSettings = {
				ASSETCATALOG_COMPILER_APPICON_NAME = AppIcon;
				ASSETCATALOG_COMPILER_GLOBAL_ACCENT_COLOR_NAME = AccentColor;
				CODE_SIGN_STYLE = Automatic;
				CURRENT_PROJECT_VERSION = 1;
				DEVELOPMENT_TEAM = SDH94889K9;
				GENERATE_INFOPLIST_FILE = YES;
				INFOPLIST_FILE = Shape/Info.plist;
				INFOPLIST_KEY_UIApplicationSupportsIndirectInputEvents = YES;
				INFOPLIST_KEY_UILaunchStoryboardName = LaunchScreen;
				INFOPLIST_KEY_UIMainStoryboardFile = Main;
				INFOPLIST_KEY_UISupportedInterfaceOrientations_iPad = "UIInterfaceOrientationPortrait UIInterfaceOrientationPortraitUpsideDown UIInterfaceOrientationLandscapeLeft UIInterfaceOrientationLandscapeRight";
				INFOPLIST_KEY_UISupportedInterfaceOrientations_iPhone = "UIInterfaceOrientationPortrait UIInterfaceOrientationLandscapeLeft UIInterfaceOrientationLandscapeRight";
				LD_RUNPATH_SEARCH_PATHS = (
					"$(inherited)",
					"@executable_path/Frameworks",
				);
				MARKETING_VERSION = 1.0;
				PRODUCT_BUNDLE_IDENTIFIER = com.rmantilla.Shape;
				PRODUCT_NAME = "$(TARGET_NAME)";
				SWIFT_EMIT_LOC_STRINGS = YES;
				SWIFT_VERSION = 5.0;
				TARGETED_DEVICE_FAMILY = "1,2";
			};
			name = Debug;
		};
		9A64D9E127D4DDCE00C37DB1 /* Release */ = {
			isa = XCBuildConfiguration;
			buildSettings = {
				ASSETCATALOG_COMPILER_APPICON_NAME = AppIcon;
				ASSETCATALOG_COMPILER_GLOBAL_ACCENT_COLOR_NAME = AccentColor;
				CODE_SIGN_STYLE = Automatic;
				CURRENT_PROJECT_VERSION = 1;
				DEVELOPMENT_TEAM = SDH94889K9;
				GENERATE_INFOPLIST_FILE = YES;
				INFOPLIST_FILE = Shape/Info.plist;
				INFOPLIST_KEY_UIApplicationSupportsIndirectInputEvents = YES;
				INFOPLIST_KEY_UILaunchStoryboardName = LaunchScreen;
				INFOPLIST_KEY_UIMainStoryboardFile = Main;
				INFOPLIST_KEY_UISupportedInterfaceOrientations_iPad = "UIInterfaceOrientationPortrait UIInterfaceOrientationPortraitUpsideDown UIInterfaceOrientationLandscapeLeft UIInterfaceOrientationLandscapeRight";
				INFOPLIST_KEY_UISupportedInterfaceOrientations_iPhone = "UIInterfaceOrientationPortrait UIInterfaceOrientationLandscapeLeft UIInterfaceOrientationLandscapeRight";
				LD_RUNPATH_SEARCH_PATHS = (
					"$(inherited)",
					"@executable_path/Frameworks",
				);
				MARKETING_VERSION = 1.0;
				PRODUCT_BUNDLE_IDENTIFIER = com.rmantilla.Shape;
				PRODUCT_NAME = "$(TARGET_NAME)";
				SWIFT_EMIT_LOC_STRINGS = YES;
				SWIFT_VERSION = 5.0;
				TARGETED_DEVICE_FAMILY = "1,2";
			};
			name = Release;
		};
		9A64D9E327D4DDCE00C37DB1 /* Debug */ = {
			isa = XCBuildConfiguration;
			buildSettings = {
				ALWAYS_EMBED_SWIFT_STANDARD_LIBRARIES = YES;
				BUNDLE_LOADER = "$(TEST_HOST)";
				CODE_SIGN_STYLE = Automatic;
				CURRENT_PROJECT_VERSION = 1;
				DEVELOPMENT_TEAM = SDH94889K9;
				GENERATE_INFOPLIST_FILE = YES;
				IPHONEOS_DEPLOYMENT_TARGET = 15.2;
				MARKETING_VERSION = 1.0;
				PRODUCT_BUNDLE_IDENTIFIER = com.rmantilla.ShapeTests;
				PRODUCT_NAME = "$(TARGET_NAME)";
				SWIFT_EMIT_LOC_STRINGS = NO;
				SWIFT_VERSION = 5.0;
				TARGETED_DEVICE_FAMILY = "1,2";
				TEST_HOST = "$(BUILT_PRODUCTS_DIR)/Shape.app/Shape";
			};
			name = Debug;
		};
		9A64D9E427D4DDCE00C37DB1 /* Release */ = {
			isa = XCBuildConfiguration;
			buildSettings = {
				ALWAYS_EMBED_SWIFT_STANDARD_LIBRARIES = YES;
				BUNDLE_LOADER = "$(TEST_HOST)";
				CODE_SIGN_STYLE = Automatic;
				CURRENT_PROJECT_VERSION = 1;
				DEVELOPMENT_TEAM = SDH94889K9;
				GENERATE_INFOPLIST_FILE = YES;
				IPHONEOS_DEPLOYMENT_TARGET = 15.2;
				MARKETING_VERSION = 1.0;
				PRODUCT_BUNDLE_IDENTIFIER = com.rmantilla.ShapeTests;
				PRODUCT_NAME = "$(TARGET_NAME)";
				SWIFT_EMIT_LOC_STRINGS = NO;
				SWIFT_VERSION = 5.0;
				TARGETED_DEVICE_FAMILY = "1,2";
				TEST_HOST = "$(BUILT_PRODUCTS_DIR)/Shape.app/Shape";
			};
			name = Release;
		};
		9A64D9E627D4DDCE00C37DB1 /* Debug */ = {
			isa = XCBuildConfiguration;
			buildSettings = {
				ALWAYS_EMBED_SWIFT_STANDARD_LIBRARIES = YES;
				CODE_SIGN_STYLE = Automatic;
				CURRENT_PROJECT_VERSION = 1;
				DEVELOPMENT_TEAM = SDH94889K9;
				GENERATE_INFOPLIST_FILE = YES;
				MARKETING_VERSION = 1.0;
				PRODUCT_BUNDLE_IDENTIFIER = com.rmantilla.ShapeUITests;
				PRODUCT_NAME = "$(TARGET_NAME)";
				SWIFT_EMIT_LOC_STRINGS = NO;
				SWIFT_VERSION = 5.0;
				TARGETED_DEVICE_FAMILY = "1,2";
				TEST_TARGET_NAME = Shape;
			};
			name = Debug;
		};
		9A64D9E727D4DDCE00C37DB1 /* Release */ = {
			isa = XCBuildConfiguration;
			buildSettings = {
				ALWAYS_EMBED_SWIFT_STANDARD_LIBRARIES = YES;
				CODE_SIGN_STYLE = Automatic;
				CURRENT_PROJECT_VERSION = 1;
				DEVELOPMENT_TEAM = SDH94889K9;
				GENERATE_INFOPLIST_FILE = YES;
				MARKETING_VERSION = 1.0;
				PRODUCT_BUNDLE_IDENTIFIER = com.rmantilla.ShapeUITests;
				PRODUCT_NAME = "$(TARGET_NAME)";
				SWIFT_EMIT_LOC_STRINGS = NO;
				SWIFT_VERSION = 5.0;
				TARGETED_DEVICE_FAMILY = "1,2";
				TEST_TARGET_NAME = Shape;
			};
			name = Release;
		};
/* End XCBuildConfiguration section */

/* Begin XCConfigurationList section */
		9A64D9B027D4DDCB00C37DB1 /* Build configuration list for PBXProject "Shape" */ = {
			isa = XCConfigurationList;
			buildConfigurations = (
				9A64D9DD27D4DDCE00C37DB1 /* Debug */,
				9A64D9DE27D4DDCE00C37DB1 /* Release */,
			);
			defaultConfigurationIsVisible = 0;
			defaultConfigurationName = Release;
		};
		9A64D9DF27D4DDCE00C37DB1 /* Build configuration list for PBXNativeTarget "Shape" */ = {
			isa = XCConfigurationList;
			buildConfigurations = (
				9A64D9E027D4DDCE00C37DB1 /* Debug */,
				9A64D9E127D4DDCE00C37DB1 /* Release */,
			);
			defaultConfigurationIsVisible = 0;
			defaultConfigurationName = Release;
		};
		9A64D9E227D4DDCE00C37DB1 /* Build configuration list for PBXNativeTarget "ShapeTests" */ = {
			isa = XCConfigurationList;
			buildConfigurations = (
				9A64D9E327D4DDCE00C37DB1 /* Debug */,
				9A64D9E427D4DDCE00C37DB1 /* Release */,
			);
			defaultConfigurationIsVisible = 0;
			defaultConfigurationName = Release;
		};
		9A64D9E527D4DDCE00C37DB1 /* Build configuration list for PBXNativeTarget "ShapeUITests" */ = {
			isa = XCConfigurationList;
			buildConfigurations = (
				9A64D9E627D4DDCE00C37DB1 /* Debug */,
				9A64D9E727D4DDCE00C37DB1 /* Release */,
			);
			defaultConfigurationIsVisible = 0;
			defaultConfigurationName = Release;
		};
/* End XCConfigurationList section */
	};
	rootObject = 9A64D9AD27D4DDCB00C37DB1 /* Project object */;
}
